{
  "originHash" : "89ba6f99090cf2f5af74df7a9c70a327dbc3b60ccb506a7bbec0eb9a69e0d162",
  "pins" : [
    {
      "identity" : "compactslider",
      "kind" : "remoteSourceControl",
      "location" : "https://github.com/buh/CompactSlider",
      "state" : {
        "revision" : "abe4d1df6f0c85dcb133266cc07c2a5d08295726",
        "version" : "1.1.6"
      }
    }
  ],
  "version" : 3
}
